{
    "hash": "6a3255ff6f6a667a8aaacd23e3aad495",
    "packages": [
        {
            "package": "docteurklein/silex-doctrine-service-providers",
            "version": "dev-master",
            "source-reference": "576bdf68c963b8208482494b09b04bca083ae220",
            "commit-date": "1340923078"
        },
        {
            "package": "doctrine/common",
            "version": "2.2.x-dev",
            "source-reference": "1e0aa60d109c630d19543d999f12e2852ef8f932",
            "commit-date": "1334303204"
        },
        {
            "package": "doctrine/dbal",
            "version": "2.2.0-RC3"
        },
        {
            "package": "doctrine/mongodb",
            "version": "dev-master",
            "source-reference": "b8c1b54b870c4fecc87d4daae44b34c262b0e6f8",
            "commit-date": "1340833401"
        },
        {
            "package": "doctrine/mongodb-odm",
            "version": "dev-master",
            "source-reference": "0c5dbf6d4846940f9d87e33349045d5bb7f3bc62",
            "commit-date": "1340905017"
        },
        {
            "package": "doctrine/orm",
            "version": "2.2.x-dev",
            "source-reference": "5f66c65c9a8d984899903b54215d0249a45b92d6",
            "commit-date": "1338138826"
        },
        {
            "package": "monolog/monolog",
            "version": "dev-master",
            "source-reference": "6cbdc0410c08fb03d7eee6b69126661fcbb89c41",
            "commit-date": "1340715384"
        },
        {
            "package": "pimple/pimple",
            "version": "dev-master",
            "alias-pretty-version": "1.0.x-dev",
            "alias-version": "1.0.9999999.9999999-dev"
        },
        {
            "package": "pimple/pimple",
            "version": "dev-master",
            "source-reference": "86cae5c9e85cd02f1703c774ddf12f2448a5938c",
            "commit-date": "1340285678"
        },
        {
            "package": "silex/silex",
            "version": "dev-master",
            "alias-pretty-version": "1.0.x-dev",
            "alias-version": "1.0.9999999.9999999-dev"
        },
        {
            "package": "silex/silex",
            "version": "dev-master",
            "source-reference": "6f99eb8e850c8188980881172b703828290d54a1",
            "commit-date": "1340859767"
        },
        {
            "package": "symfony/console",
            "version": "dev-master",
            "alias-pretty-version": "2.1.x-dev",
            "alias-version": "2.1.9999999.9999999-dev"
        },
        {
            "package": "symfony/console",
            "version": "dev-master",
            "source-reference": "808bf42b4b74c12e6c6a6a9750688035f1c49f9c",
            "commit-date": "1340543161"
        },
        {
            "package": "symfony/event-dispatcher",
            "version": "dev-master",
            "alias-pretty-version": "2.1.x-dev",
            "alias-version": "2.1.9999999.9999999-dev"
        },
        {
            "package": "symfony/event-dispatcher",
            "version": "dev-master",
            "source-reference": "v2.1.0-BETA1",
            "commit-date": "1338018513"
        },
        {
            "package": "symfony/http-foundation",
            "version": "dev-master",
            "alias-pretty-version": "2.1.x-dev",
            "alias-version": "2.1.9999999.9999999-dev"
        },
        {
            "package": "symfony/http-foundation",
            "version": "dev-master",
            "source-reference": "eede6abb9b49fa6632f9776c857c703d8d8268e0",
            "commit-date": "1340656150"
        },
        {
            "package": "symfony/http-kernel",
            "version": "dev-master",
            "alias-pretty-version": "2.1.x-dev",
            "alias-version": "2.1.9999999.9999999-dev"
        },
        {
            "package": "symfony/http-kernel",
            "version": "dev-master",
            "source-reference": "37338444a653dfd26e4c6c9abe535318de0957e6",
            "commit-date": "1340654694"
        },
        {
            "package": "symfony/routing",
            "version": "dev-master",
            "alias-pretty-version": "2.1.x-dev",
            "alias-version": "2.1.9999999.9999999-dev"
        },
        {
            "package": "symfony/routing",
            "version": "dev-master",
            "source-reference": "ed1a7d9118dd1ee332b485f19b920a9e0077022a",
            "commit-date": "1340625003"
        },
        {
            "package": "symfony/yaml",
            "version": "dev-master",
            "alias-pretty-version": "2.1.x-dev",
            "alias-version": "2.1.9999999.9999999-dev"
        },
        {
            "package": "symfony/yaml",
            "version": "dev-master",
            "source-reference": "v2.1.0-BETA1",
            "commit-date": "1339592252"
        },
        {
            "package": "twig/twig",
            "version": "dev-master",
            "alias-pretty-version": "1.8.x-dev",
            "alias-version": "1.8.9999999.9999999-dev"
        },
        {
            "package": "twig/twig",
            "version": "dev-master",
            "source-reference": "73da773aaad0f97f2e967ec8241b8adf7b1e03d2",
            "commit-date": "1340890758"
        }
    ],
    "packages-dev": null,
    "aliases": [

    ],
    "minimum-stability": "dev",
    "stability-flags": {
        "silex/silex": 20,
        "docteurklein/silex-doctrine-service-providers": 20,
        "twig/twig": 20,
        "monolog/monolog": 20
    }
}
